
Microsoft Visual Studio Solution File, Format Version 12.00
# Visual Studio 15
VisualStudioVersion = 15.0.28010.2003
MinimumVisualStudioVersion = 10.0.40219.1
Project("{FAE04EC0-301F-11D3-BF4B-00C04F79EFBC}") = "Server", "Server\Server.csproj", "{DD10A20B-BBD7-463C-80A4-7CAEEFB01457}"
EndProject
Global
	GlobalSection(SolutionConfigurationPlatforms) = preSolution
		Debug|Any CPU = Debug|Any CPU
		Release|Any CPU = Release|Any CPU
	EndGlobalSection
	GlobalSection(ProjectConfigurationPlatforms) = postSolution
		{DD10A20B-BBD7-463C-80A4-7CAEEFB01457}.Debug|Any CPU.ActiveCfg = Debug|Any CPU
		{DD10A20B-BBD7-463C-80A4-7CAEEFB01457}.Debug|Any CPU.Build.0 = Debug|Any CPU
		{DD10A20B-BBD7-463C-80A4-7CAEEFB01457}.Release|Any CPU.ActiveCfg = Release|Any CPU
		{DD10A20B-BBD7-463C-80A4-7CAEEFB01457}.Release|Any CPU.Build.0 = Release|Any CPU
	EndGlobalSection
	GlobalSection(SolutionProperties) = preSolution
		HideSolutionNode = FALSE
	EndGlobalSection
	GlobalSection(ExtensibilityGlobals) = postSolution
		SolutionGuid = {ED521DA0-C292-4CB1-9EF5-132C56A45706}
	EndGlobalSection
EndGlobal
